
Microsoft Visual Studio Solution File, Format Version 12.00
# Visual Studio Version 17
VisualStudioVersion = 17.5.33530.505
MinimumVisualStudioVersion = 10.0.40219.1
Project("{FAE04EC0-301F-11D3-BF4B-00C04F79EFBC}") = "Genshin_Trade_Center", "Genshin_Trade_Center\Genshin_Trade_Center.csproj", "{347A0225-9D87-4CD4-8DA7-7563AC28D1B7}"
EndProject
Global
	GlobalSection(SolutionConfigurationPlatforms) = preSolution
		Debug|Any CPU = Debug|Any CPU
		Release|Any CPU = Release|Any CPU
	EndGlobalSection
	GlobalSection(ProjectConfigurationPlatforms) = postSolution
		{347A0225-9D87-4CD4-8DA7-7563AC28D1B7}.Debug|Any CPU.ActiveCfg = Debug|Any CPU
		{347A0225-9D87-4CD4-8DA7-7563AC28D1B7}.Debug|Any CPU.Build.0 = Debug|Any CPU
		{347A0225-9D87-4CD4-8DA7-7563AC28D1B7}.Release|Any CPU.ActiveCfg = Release|Any CPU
		{347A0225-9D87-4CD4-8DA7-7563AC28D1B7}.Release|Any CPU.Build.0 = Release|Any CPU
	EndGlobalSection
	GlobalSection(SolutionProperties) = preSolution
		HideSolutionNode = FALSE
	EndGlobalSection
	GlobalSection(ExtensibilityGlobals) = postSolution
		SolutionGuid = {9EE99506-BCA9-454A-92FA-3CD8B69D5401}
	EndGlobalSection
EndGlobal
